
Microsoft Visual Studio Solution File, Format Version 12.00
# Visual Studio Version 16
VisualStudioVersion = 16.0.31515.178
MinimumVisualStudioVersion = 10.0.40219.1
Project("{FAE04EC0-301F-11D3-BF4B-00C04F79EFBC}") = "HalfTriangle", "HalfTriangle\HalfTriangle.csproj", "{2BB73496-99AC-4619-838A-19496BE8DB00}"
EndProject
Project("{FAE04EC0-301F-11D3-BF4B-00C04F79EFBC}") = "HalfTriangleWithRuntimeSymbol", "HalfTriangleWithRuntimeSymbol\HalfTriangleWithRuntimeSymbol.csproj", "{705B5F48-5D79-4EBE-9099-8E0ADA8BE9B2}"
EndProject
Global
	GlobalSection(SolutionConfigurationPlatforms) = preSolution
		Debug|Any CPU = Debug|Any CPU
		Release|Any CPU = Release|Any CPU
	EndGlobalSection
	GlobalSection(ProjectConfigurationPlatforms) = postSolution
		{2BB73496-99AC-4619-838A-19496BE8DB00}.Debug|Any CPU.ActiveCfg = Debug|Any CPU
		{2BB73496-99AC-4619-838A-19496BE8DB00}.Debug|Any CPU.Build.0 = Debug|Any CPU
		{2BB73496-99AC-4619-838A-19496BE8DB00}.Release|Any CPU.ActiveCfg = Release|Any CPU
		{2BB73496-99AC-4619-838A-19496BE8DB00}.Release|Any CPU.Build.0 = Release|Any CPU
		{705B5F48-5D79-4EBE-9099-8E0ADA8BE9B2}.Debug|Any CPU.ActiveCfg = Debug|Any CPU
		{705B5F48-5D79-4EBE-9099-8E0ADA8BE9B2}.Debug|Any CPU.Build.0 = Debug|Any CPU
		{705B5F48-5D79-4EBE-9099-8E0ADA8BE9B2}.Release|Any CPU.ActiveCfg = Release|Any CPU
		{705B5F48-5D79-4EBE-9099-8E0ADA8BE9B2}.Release|Any CPU.Build.0 = Release|Any CPU
	EndGlobalSection
	GlobalSection(SolutionProperties) = preSolution
		HideSolutionNode = FALSE
	EndGlobalSection
	GlobalSection(ExtensibilityGlobals) = postSolution
		SolutionGuid = {FF930467-6B2D-4C33-881F-1C214EBE73A2}
	EndGlobalSection
EndGlobal
